
Microsoft Visual Studio Solution File, Format Version 12.00
# Visual Studio Version 16
VisualStudioVersion = 16.0.32106.194
MinimumVisualStudioVersion = 10.0.40219.1
Project("{8BC9CEB8-8B4A-11D0-8D11-00A0C91BC942}") = "Graphics-Lore", "Graphics-Lore\Graphics-Lore.vcxproj", "{224422DE-651D-4E8B-B0E6-79B078437245}"
EndProject
Global
	GlobalSection(SolutionConfigurationPlatforms) = preSolution
		Debug|x64 = Debug|x64
		Release|x64 = Release|x64
	EndGlobalSection
	GlobalSection(ProjectConfigurationPlatforms) = postSolution
		{224422DE-651D-4E8B-B0E6-79B078437245}.Debug|x64.ActiveCfg = Debug|x64
		{224422DE-651D-4E8B-B0E6-79B078437245}.Debug|x64.Build.0 = Debug|x64
		{224422DE-651D-4E8B-B0E6-79B078437245}.Release|x64.ActiveCfg = Release|x64
		{224422DE-651D-4E8B-B0E6-79B078437245}.Release|x64.Build.0 = Release|x64
	EndGlobalSection
	GlobalSection(SolutionProperties) = preSolution
		HideSolutionNode = FALSE
	EndGlobalSection
	GlobalSection(ExtensibilityGlobals) = postSolution
		SolutionGuid = {599CC52D-47C2-40E4-9403-593C0D9A49DF}
	EndGlobalSection
EndGlobal
